{
	"name": "aslug",
	"version": "0.4.2",
	"lockfileVersion": 1,
	"requires": true,
	"dependencies": {
		"@types/base-x": {
			"version": "3.0.6",
			"resolved": "https://registry.npmjs.org/@types/base-x/-/base-x-3.0.6.tgz",
			"integrity": "sha512-sWf3jyM1xa/k7kP+CWtF72cgY4PjPEIWg+zaaFMX8oND9Qy+MRFnol2pl4Rb6K+P6LDrVkUoXdI3C1ekXQonYA==",
			"dev": true,
			"requires": {
				"base-x": "*"
			}
		},
		"@types/unidecode": {
			"version": "0.1.1",
			"resolved": "https://registry.npmjs.org/@types/unidecode/-/unidecode-0.1.1.tgz",
			"integrity": "sha512-ReYnWajSY+QnZk5dBpSztek+kHUtpHJkf0pSZBx2ZVIxcSBkRLY7m0caPwVKXC6WjE65G2fVU84EpiFbdJVDuQ==",
			"dev": true
		},
		"base-x": {
			"version": "3.0.8",
			"resolved": "https://registry.npmjs.org/base-x/-/base-x-3.0.8.tgz",
			"integrity": "sha512-Rl/1AWP4J/zRrk54hhlxH4drNxPJXYUaKffODVI53/dAsV4t9fBxyxYKAVPU1XBHxYwOWP9h9H0hM2MVw4YfJA==",
			"requires": {
				"safe-buffer": "^5.0.1"
			}
		},
		"escape-string-regexp": {
			"version": "2.0.0",
			"resolved": "https://registry.npmjs.org/escape-string-regexp/-/escape-string-regexp-2.0.0.tgz",
			"integrity": "sha512-UpzcLCXolUWcNu5HtVMHYdXJjArjsF9C0aNnquZYY4uW/Vu0miy5YoWvbV345HauVvcAUnpRuhMMcqTcGOY2+w=="
		},
		"safe-buffer": {
			"version": "5.2.0",
			"resolved": "https://registry.npmjs.org/safe-buffer/-/safe-buffer-5.2.0.tgz",
			"integrity": "sha512-fZEwUGbVl7kouZs1jCdMLdt95hdIv0ZeHg6L7qPeciMZhZ+/gdesW4wgTARkrFWEpspjEATAzUGPG8N2jJiwbg=="
		},
		"unidecode": {
			"version": "0.1.8",
			"resolved": "https://registry.npmjs.org/unidecode/-/unidecode-0.1.8.tgz",
			"integrity": "sha1-77swFTi8RSRqmsjFWdcvAVMFBT4="
		}
	}
}
