{
	"name": "aslug",
	"version": "0.3.7",
	"lockfileVersion": 1,
	"requires": true,
	"dependencies": {
		"@types/base-x": {
			"version": "3.0.0",
			"resolved": "https://registry.npmjs.org/@types/base-x/-/base-x-3.0.0.tgz",
			"integrity": "sha512-vnqSlpsv9uFX5/z8GyKWAfWHhLGJDBkrgRRsnxlsX23DHOlNyqP/eHQiv4TwnYcZULzQIxaWA/xRWU9Dyy4qzw==",
			"dev": true,
			"requires": {
				"@types/node": "*"
			}
		},
		"@types/node": {
			"version": "12.12.7",
			"resolved": "https://registry.npmjs.org/@types/node/-/node-12.12.7.tgz",
			"integrity": "sha512-E6Zn0rffhgd130zbCbAr/JdXfXkoOUFAKNs/rF8qnafSJ8KYaA/j3oz7dcwal+lYjLA7xvdd5J4wdYpCTlP8+w==",
			"dev": true
		},
		"@types/unidecode": {
			"version": "0.1.1",
			"resolved": "https://registry.npmjs.org/@types/unidecode/-/unidecode-0.1.1.tgz",
			"integrity": "sha512-ReYnWajSY+QnZk5dBpSztek+kHUtpHJkf0pSZBx2ZVIxcSBkRLY7m0caPwVKXC6WjE65G2fVU84EpiFbdJVDuQ==",
			"dev": true
		},
		"base-x": {
			"version": "3.0.7",
			"resolved": "https://registry.npmjs.org/base-x/-/base-x-3.0.7.tgz",
			"integrity": "sha512-zAKJGuQPihXW22fkrfOclUUZXM2g92z5GzlSMHxhO6r6Qj+Nm0ccaGNBzDZojzwOMkpjAv4J0fOv1U4go+a4iw==",
			"requires": {
				"safe-buffer": "^5.0.1"
			}
		},
		"escape-string-regexp": {
			"version": "2.0.0",
			"resolved": "https://registry.npmjs.org/escape-string-regexp/-/escape-string-regexp-2.0.0.tgz",
			"integrity": "sha512-UpzcLCXolUWcNu5HtVMHYdXJjArjsF9C0aNnquZYY4uW/Vu0miy5YoWvbV345HauVvcAUnpRuhMMcqTcGOY2+w=="
		},
		"safe-buffer": {
			"version": "5.2.0",
			"resolved": "https://registry.npmjs.org/safe-buffer/-/safe-buffer-5.2.0.tgz",
			"integrity": "sha512-fZEwUGbVl7kouZs1jCdMLdt95hdIv0ZeHg6L7qPeciMZhZ+/gdesW4wgTARkrFWEpspjEATAzUGPG8N2jJiwbg=="
		},
		"unidecode": {
			"version": "0.1.8",
			"resolved": "https://registry.npmjs.org/unidecode/-/unidecode-0.1.8.tgz",
			"integrity": "sha1-77swFTi8RSRqmsjFWdcvAVMFBT4="
		}
	}
}
