{
  "name": "merge-strategies",
  "version": "0.1.1",
  "lockfileVersion": 1,
  "requires": true,
  "dependencies": {
    "@types/lodash": {
      "version": "4.14.124",
      "resolved": "https://registry.npmjs.org/@types/lodash/-/lodash-4.14.124.tgz",
      "integrity": "sha512-6bKEUVbHJ8z34jisA7lseJZD2g31SIvee3cGX2KEZCS4XXWNbjPZpmO1/2rGNR9BhGtaYr6iYXPl1EzRrDAFTA==",
      "dev": true
    },
    "@types/lodash.clonedeep": {
      "version": "4.5.6",
      "resolved": "https://registry.npmjs.org/@types/lodash.clonedeep/-/lodash.clonedeep-4.5.6.tgz",
      "integrity": "sha512-cE1jYr2dEg1wBImvXlNtp0xDoS79rfEdGozQVgliDZj1uERH4k+rmEMTudP9b4VQ8O6nRb5gPqft0QzEQGMQgA==",
      "dev": true,
      "requires": {
        "@types/lodash": "*"
      }
    },
    "@types/lodash.mergewith": {
      "version": "4.6.6",
      "resolved": "https://registry.npmjs.org/@types/lodash.mergewith/-/lodash.mergewith-4.6.6.tgz",
      "integrity": "sha512-RY/8IaVENjG19rxTZu9Nukqh0W2UrYgmBj5sdns4hWRZaV8PqR7wIKHFKzvOTjo4zVRV7sVI+yFhAJql12Kfqg==",
      "dev": true,
      "requires": {
        "@types/lodash": "*"
      }
    },
    "lodash.clonedeep": {
      "version": "4.5.0",
      "resolved": "https://registry.npmjs.org/lodash.clonedeep/-/lodash.clonedeep-4.5.0.tgz",
      "integrity": "sha1-4j8/nE+Pvd6HJSnBBxhXoIblzO8="
    },
    "lodash.mergewith": {
      "version": "4.6.1",
      "resolved": "https://registry.npmjs.org/lodash.mergewith/-/lodash.mergewith-4.6.1.tgz",
      "integrity": "sha512-eWw5r+PYICtEBgrBE5hhlT6aAa75f411bgDz/ZL2KZqYV03USvucsxcHUIlGTDTECs1eunpI7HOV7U+WLDvNdQ=="
    }
  }
}
